
Microsoft Visual Studio Solution File, Format Version 12.00
# Visual Studio Version 17
VisualStudioVersion = 17.0.31903.59
MinimumVisualStudioVersion = 10.0.40219.1
Project("{FAE04EC0-301F-11D3-BF4B-00C04F79EFBC}") = "ContactosAPI", "ContactosAPI\ContactosAPI.csproj", "{65A44818-9626-4BF7-AD32-3C58748D408A}"
EndProject
Project("{FAE04EC0-301F-11D3-BF4B-00C04F79EFBC}") = "ApiContactos.Tests", "ApiContactos.Tests\ApiContactos.Tests.csproj", "{9DAB90D6-D6D9-4FE7-9EA2-4E5107B0EC1B}"
EndProject
Global
	GlobalSection(SolutionConfigurationPlatforms) = preSolution
		Debug|Any CPU = Debug|Any CPU
		Debug|x64 = Debug|x64
		Debug|x86 = Debug|x86
		Release|Any CPU = Release|Any CPU
		Release|x64 = Release|x64
		Release|x86 = Release|x86
	EndGlobalSection
	GlobalSection(ProjectConfigurationPlatforms) = postSolution
		{65A44818-9626-4BF7-AD32-3C58748D408A}.Debug|Any CPU.ActiveCfg = Debug|Any CPU
		{65A44818-9626-4BF7-AD32-3C58748D408A}.Debug|Any CPU.Build.0 = Debug|Any CPU
		{65A44818-9626-4BF7-AD32-3C58748D408A}.Debug|x64.ActiveCfg = Debug|Any CPU
		{65A44818-9626-4BF7-AD32-3C58748D408A}.Debug|x64.Build.0 = Debug|Any CPU
		{65A44818-9626-4BF7-AD32-3C58748D408A}.Debug|x86.ActiveCfg = Debug|Any CPU
		{65A44818-9626-4BF7-AD32-3C58748D408A}.Debug|x86.Build.0 = Debug|Any CPU
		{65A44818-9626-4BF7-AD32-3C58748D408A}.Release|Any CPU.ActiveCfg = Release|Any CPU
		{65A44818-9626-4BF7-AD32-3C58748D408A}.Release|Any CPU.Build.0 = Release|Any CPU
		{65A44818-9626-4BF7-AD32-3C58748D408A}.Release|x64.ActiveCfg = Release|Any CPU
		{65A44818-9626-4BF7-AD32-3C58748D408A}.Release|x64.Build.0 = Release|Any CPU
		{65A44818-9626-4BF7-AD32-3C58748D408A}.Release|x86.ActiveCfg = Release|Any CPU
		{65A44818-9626-4BF7-AD32-3C58748D408A}.Release|x86.Build.0 = Release|Any CPU
		{9DAB90D6-D6D9-4FE7-9EA2-4E5107B0EC1B}.Debug|Any CPU.ActiveCfg = Debug|Any CPU
		{9DAB90D6-D6D9-4FE7-9EA2-4E5107B0EC1B}.Debug|Any CPU.Build.0 = Debug|Any CPU
		{9DAB90D6-D6D9-4FE7-9EA2-4E5107B0EC1B}.Debug|x64.ActiveCfg = Debug|Any CPU
		{9DAB90D6-D6D9-4FE7-9EA2-4E5107B0EC1B}.Debug|x64.Build.0 = Debug|Any CPU
		{9DAB90D6-D6D9-4FE7-9EA2-4E5107B0EC1B}.Debug|x86.ActiveCfg = Debug|Any CPU
		{9DAB90D6-D6D9-4FE7-9EA2-4E5107B0EC1B}.Debug|x86.Build.0 = Debug|Any CPU
		{9DAB90D6-D6D9-4FE7-9EA2-4E5107B0EC1B}.Release|Any CPU.ActiveCfg = Release|Any CPU
		{9DAB90D6-D6D9-4FE7-9EA2-4E5107B0EC1B}.Release|Any CPU.Build.0 = Release|Any CPU
		{9DAB90D6-D6D9-4FE7-9EA2-4E5107B0EC1B}.Release|x64.ActiveCfg = Release|Any CPU
		{9DAB90D6-D6D9-4FE7-9EA2-4E5107B0EC1B}.Release|x64.Build.0 = Release|Any CPU
		{9DAB90D6-D6D9-4FE7-9EA2-4E5107B0EC1B}.Release|x86.ActiveCfg = Release|Any CPU
		{9DAB90D6-D6D9-4FE7-9EA2-4E5107B0EC1B}.Release|x86.Build.0 = Release|Any CPU
	EndGlobalSection
	GlobalSection(SolutionProperties) = preSolution
		HideSolutionNode = FALSE
	EndGlobalSection
EndGlobal
